# This file is generated by running "yarn install" inside your project.
# Manual changes might be lost - proceed with caution!

__metadata:
  version: 8
  cacheKey: 10c0

"@zitterorg/fluffy-waddle@npm:^2.1.2":
  version: 2.1.2
  resolution: "@zitterorg/fluffy-waddle@npm:2.1.2"
  checksum: 10c0/e3933e318ed20ea3cba3dcbd9ed412f0dec2cb9b982bda3d4de2fecde6251dde738e7070fef679d67ea756d34a4703e5f7fd8d29bc9b538a1d066127241d1a3d
  languageName: node
  linkType: hard

"@zitterorg/glowing-barnacle@workspace:.":
  version: 0.0.0-use.local
  resolution: "@zitterorg/glowing-barnacle@workspace:."
  dependencies:
    "@zitterorg/fluffy-waddle": "npm:^2.1.2"
    "@zitterorg/probable-octo": "npm:^1.1.0"
  languageName: unknown
  linkType: soft

"@zitterorg/probable-octo@npm:^1.1.0":
  version: 1.1.0
  resolution: "@zitterorg/probable-octo@npm:1.1.0"
  dependencies:
    "@zitterorg/fluffy-waddle": "npm:^2.1.2"
  checksum: 10c0/46bac0066b95d6f59ea13166096dfffaf7d59ea533050121ba904a5a3d882fb56bf9f2bba643cbcf36f436fa036da7dd04d236da1dc54e8b0f5aa6913d83c7f3
  languageName: node
  linkType: hard
